
Microsoft Visual Studio Solution File, Format Version 12.00
# Visual Studio 2013
VisualStudioVersion = 12.0.31101.0
MinimumVisualStudioVersion = 10.0.40219.1
Project("{FAE04EC0-301F-11D3-BF4B-00C04F79EFBC}") = "AtomsPreCompiler.Web", "Web\AtomsPreCompiler.Web.csproj", "{2C8FE7F9-CF51-4EDB-96FB-B17F1DCB10D6}"
EndProject
Project("{FAE04EC0-301F-11D3-BF4B-00C04F79EFBC}") = "AtomsPreCompiler", "AtomsPreCompiler\AtomsPreCompiler.csproj", "{000E8F2D-24B9-49E4-81E8-09D3F3AF4C7F}"
EndProject
Project("{FAE04EC0-301F-11D3-BF4B-00C04F79EFBC}") = "TestConsole", "TestConsole\TestConsole.csproj", "{9FA01971-B856-4FAB-BC7A-3F10B96969A8}"
EndProject
Project("{2150E333-8FDC-42A3-9474-1A3956D46DE8}") = "Solution Items", "Solution Items", "{D9D7517E-02CE-4801-8791-69C715AA5CFE}"
	ProjectSection(SolutionItems) = preProject
		.gitattributes = .gitattributes
		TestConsole\bin\Debug\test.html = TestConsole\bin\Debug\test.html
	EndProjectSection
EndProject
Project("{FAE04EC0-301F-11D3-BF4B-00C04F79EFBC}") = "AtomsPreCompiler.NuGet", "AtomsPreCompiler.NuGet\AtomsPreCompiler.NuGet.csproj", "{0451BAEF-DF2E-4B98-8644-94EE9415E389}"
	ProjectSection(ProjectDependencies) = postProject
		{000E8F2D-24B9-49E4-81E8-09D3F3AF4C7F} = {000E8F2D-24B9-49E4-81E8-09D3F3AF4C7F}
	EndProjectSection
EndProject
Global
	GlobalSection(SolutionConfigurationPlatforms) = preSolution
		Debug|Any CPU = Debug|Any CPU
		Release|Any CPU = Release|Any CPU
	EndGlobalSection
	GlobalSection(ProjectConfigurationPlatforms) = postSolution
		{2C8FE7F9-CF51-4EDB-96FB-B17F1DCB10D6}.Debug|Any CPU.ActiveCfg = Debug|Any CPU
		{2C8FE7F9-CF51-4EDB-96FB-B17F1DCB10D6}.Debug|Any CPU.Build.0 = Debug|Any CPU
		{2C8FE7F9-CF51-4EDB-96FB-B17F1DCB10D6}.Release|Any CPU.ActiveCfg = Release|Any CPU
		{2C8FE7F9-CF51-4EDB-96FB-B17F1DCB10D6}.Release|Any CPU.Build.0 = Release|Any CPU
		{000E8F2D-24B9-49E4-81E8-09D3F3AF4C7F}.Debug|Any CPU.ActiveCfg = Debug|Any CPU
		{000E8F2D-24B9-49E4-81E8-09D3F3AF4C7F}.Debug|Any CPU.Build.0 = Debug|Any CPU
		{000E8F2D-24B9-49E4-81E8-09D3F3AF4C7F}.Release|Any CPU.ActiveCfg = Release|Any CPU
		{000E8F2D-24B9-49E4-81E8-09D3F3AF4C7F}.Release|Any CPU.Build.0 = Release|Any CPU
		{9FA01971-B856-4FAB-BC7A-3F10B96969A8}.Debug|Any CPU.ActiveCfg = Debug|Any CPU
		{9FA01971-B856-4FAB-BC7A-3F10B96969A8}.Debug|Any CPU.Build.0 = Debug|Any CPU
		{9FA01971-B856-4FAB-BC7A-3F10B96969A8}.Release|Any CPU.ActiveCfg = Release|Any CPU
		{9FA01971-B856-4FAB-BC7A-3F10B96969A8}.Release|Any CPU.Build.0 = Release|Any CPU
		{0451BAEF-DF2E-4B98-8644-94EE9415E389}.Debug|Any CPU.ActiveCfg = Debug|Any CPU
		{0451BAEF-DF2E-4B98-8644-94EE9415E389}.Debug|Any CPU.Build.0 = Debug|Any CPU
		{0451BAEF-DF2E-4B98-8644-94EE9415E389}.Release|Any CPU.ActiveCfg = Release|Any CPU
		{0451BAEF-DF2E-4B98-8644-94EE9415E389}.Release|Any CPU.Build.0 = Release|Any CPU
	EndGlobalSection
	GlobalSection(SolutionProperties) = preSolution
		HideSolutionNode = FALSE
	EndGlobalSection
EndGlobal
